
Microsoft Visual Studio Solution File, Format Version 12.00
# Visual Studio Version 17
VisualStudioVersion = 17.6.33723.286
MinimumVisualStudioVersion = 10.0.40219.1
Project("{9A19103F-16F7-4668-BE54-9A1E7A4F7556}") = "two", "two.csproj", "{53423C31-5425-4279-A09F-2E8E1198EA87}"
EndProject
Global
	GlobalSection(SolutionConfigurationPlatforms) = preSolution
		Debug|Any CPU = Debug|Any CPU
		ExportDebug|Any CPU = ExportDebug|Any CPU
		ExportRelease|Any CPU = ExportRelease|Any CPU
		Release|Any CPU = Release|Any CPU
	EndGlobalSection
	GlobalSection(ProjectConfigurationPlatforms) = postSolution
		{53423C31-5425-4279-A09F-2E8E1198EA87}.Debug|Any CPU.ActiveCfg = Debug|Any CPU
		{53423C31-5425-4279-A09F-2E8E1198EA87}.Debug|Any CPU.Build.0 = Debug|Any CPU
		{53423C31-5425-4279-A09F-2E8E1198EA87}.ExportDebug|Any CPU.ActiveCfg = ExportDebug|Any CPU
		{53423C31-5425-4279-A09F-2E8E1198EA87}.ExportDebug|Any CPU.Build.0 = ExportDebug|Any CPU
		{53423C31-5425-4279-A09F-2E8E1198EA87}.ExportRelease|Any CPU.ActiveCfg = ExportRelease|Any CPU
		{53423C31-5425-4279-A09F-2E8E1198EA87}.ExportRelease|Any CPU.Build.0 = ExportRelease|Any CPU
		{53423C31-5425-4279-A09F-2E8E1198EA87}.Release|Any CPU.ActiveCfg = ExportRelease|Any CPU
		{53423C31-5425-4279-A09F-2E8E1198EA87}.Release|Any CPU.Build.0 = ExportRelease|Any CPU
	EndGlobalSection
	GlobalSection(SolutionProperties) = preSolution
		HideSolutionNode = FALSE
	EndGlobalSection
	GlobalSection(ExtensibilityGlobals) = postSolution
		SolutionGuid = {7283A6C3-9A3C-4561-B9E9-E1DB5BD126B2}
	EndGlobalSection
EndGlobal
